{
    "_meta": {
        "hash": {
            "sha256": "c36a775ec3e670214b93fb29e242d51b8bbc250d52c3b5ddb4b48cd09e070840"
        },
        "pipfile-spec": 6,
        "requires": {},
        "sources": [
            {
                "name": "pypi",
                "url": "https://pypi.org/simple",
                "verify_ssl": true
            }
        ]
    },
    "default": {
        "certifi": {
            "hashes": [
                "sha256:1a4995114262bffbc2413b159f2a1a480c969de6e6eb13ee966d470af86af59c",
                "sha256:719a74fb9e33b9bd44cc7f3a8d94bc35e4049deebe19ba7d8e108280cfd59830"
            ],
            "version": "==2020.12.5"
        },
        "chardet": {
            "hashes": [
                "sha256:84ab92ed1c4d4f16916e05906b6b75a6c0fb5db821cc65e70cbd64a3e2a5eaae",
                "sha256:fc323ffcaeaed0e0a02bf4d117757b98aed530d9ed4531e3e15460124c106691"
            ],
            "version": "==3.0.4"
        },
        "falcon": {
            "hashes": [
                "sha256:18157af2a4fc3feedf2b5dcc6196f448639acf01c68bc33d4d5a04c3ef87f494",
                "sha256:24adcd2b29a8ffa9d552dc79638cd21736a3fb04eda7d102c6cebafdaadb88ad",
                "sha256:54f2cb4b687035b2a03206dbfc538055cc48b59a953187b0458aa1b574d47b53",
                "sha256:59d1e8c993b9a37ea06df9d72cf907a46cc8063b30717cdac2f34d1658b6f936",
                "sha256:733033ec80c896e30a43ab3e776856096836787197a44eb21022320a61311983",
                "sha256:74cf1d18207381c665b9e6292d65100ce146d958707793174b03869dc6e614f4",
                "sha256:95bf6ce986c1119aef12c9b348f4dee9c6dcc58391bdd0bc2b0bf353c2b15986",
                "sha256:9712975adcf8c6e12876239085ad757b8fdeba223d46d23daef82b47658f83a9",
                "sha256:a5ebb22a04c9cc65081938ee7651b4e3b4d2a28522ea8ec04c7bdd2b3e9e8cd8",
                "sha256:aa184895d1ad4573fbfaaf803563d02f019ebdf4790e41cc568a330607eae439",
                "sha256:e3782b7b92fefd46a6ad1fd8fe63fe6c6f1b7740a95ca56957f48d1aee34b357",
                "sha256:e9efa0791b5d9f9dd9689015ea6bce0a27fcd5ecbcd30e6d940bffa4f7f03389",
                "sha256:eea593cf466b9c126ce667f6d30503624ef24459f118c75594a69353b6c3d5fc",
                "sha256:f93351459f110b4c1ee28556aef9a791832df6f910bea7b3f616109d534df06b"
            ],
            "index": "pypi",
            "version": "==2.0.0"
        },
        "gunicorn": {
            "hashes": [
                "sha256:1904bb2b8a43658807108d59c3f3d56c2b6121a701161de0ddf9ad140073c626",
                "sha256:cd4a810dd51bf497552cf3f863b575dabd73d6ad6a91075b65936b151cbf4f9c"
            ],
            "index": "pypi",
            "version": "==20.0.4"
        },
        "idna": {
            "hashes": [
                "sha256:b307872f855b18632ce0c21c5e45be78c0ea7ae4c15c828c20788b26921eb3f6",
                "sha256:b97d804b1e9b523befed77c48dacec60e6dcb0b5391d57af6a65a312a90648c0"
            ],
            "version": "==2.10"
        },
        "pyalsaaudio": {
            "hashes": [
                "sha256:3ca069c736c8ad2a3047b5033468d983a2480f94fad4feb0169c056060e01e69"
            ],
            "index": "pypi",
            "version": "==0.9.0"
        },
        "requests": {
            "hashes": [
                "sha256:7f1a0b932f4a60a1a65caa4263921bb7d9ee911957e0ae4a23a6dd08185ad5f8",
                "sha256:e786fa28d8c9154e6a4de5d46a1d921b8749f8b74e28bde23768e5e16eece998"
            ],
            "index": "pypi",
            "version": "==2.25.0"
        },
        "toml": {
            "hashes": [
                "sha256:806143ae5bfb6a3c6e736a764057db0e6a0e05e338b5630894a5f779cabb4f9b",
                "sha256:b3bda1d108d5dd99f4a20d24d9c348e91c4db7ab1b749200bded2f839ccbe68f"
            ],
            "index": "pypi",
            "version": "==0.10.2"
        },
        "urllib3": {
            "hashes": [
                "sha256:1b465e494e3e0d8939b50680403e3aedaa2bc434b7d5af64dfd3c958d7f5ae80",
                "sha256:de3eedaad74a2683334e282005cd8d7f22f4d55fa690a2a1020a416cb0a47e73"
            ],
            "index": "pypi",
            "version": "==1.26.3"
        }
    },
    "develop": {}
}
